
Microsoft Visual Studio Solution File, Format Version 12.00
# Visual Studio Version 17
VisualStudioVersion = 17.10.35027.167
MinimumVisualStudioVersion = 10.0.40219.1
Project("{FAE04EC0-301F-11D3-BF4B-00C04F79EFBC}") = "tx_workflow_merge", "tx_workflow_merge\tx_workflow_merge.csproj", "{4FDCA8C4-8D8D-47D3-9F57-277383821899}"
EndProject
Global
	GlobalSection(SolutionConfigurationPlatforms) = preSolution
		Debug|Any CPU = Debug|Any CPU
		Release|Any CPU = Release|Any CPU
	EndGlobalSection
	GlobalSection(ProjectConfigurationPlatforms) = postSolution
		{4FDCA8C4-8D8D-47D3-9F57-277383821899}.Debug|Any CPU.ActiveCfg = Debug|Any CPU
		{4FDCA8C4-8D8D-47D3-9F57-277383821899}.Debug|Any CPU.Build.0 = Debug|Any CPU
		{4FDCA8C4-8D8D-47D3-9F57-277383821899}.Release|Any CPU.ActiveCfg = Release|Any CPU
		{4FDCA8C4-8D8D-47D3-9F57-277383821899}.Release|Any CPU.Build.0 = Release|Any CPU
	EndGlobalSection
	GlobalSection(SolutionProperties) = preSolution
		HideSolutionNode = FALSE
	EndGlobalSection
	GlobalSection(ExtensibilityGlobals) = postSolution
		SolutionGuid = {613BB6BA-B791-4076-A13F-04DCBE296177}
	EndGlobalSection
EndGlobal
